
Microsoft Visual Studio Solution File, Format Version 12.00
# Visual Studio 2013
VisualStudioVersion = 12.0.21005.1
MinimumVisualStudioVersion = 10.0.40219.1
Project("{8BC9CEB8-8B4A-11D0-8D11-00A0C91BC942}") = "test_2019_5_23_1", "test_2019_5_23_1\test_2019_5_23_1.vcxproj", "{BC14E25A-58F0-44FA-BA20-30578686A66E}"
EndProject
Global
	GlobalSection(SolutionConfigurationPlatforms) = preSolution
		Debug|Win32 = Debug|Win32
		Release|Win32 = Release|Win32
	EndGlobalSection
	GlobalSection(ProjectConfigurationPlatforms) = postSolution
		{BC14E25A-58F0-44FA-BA20-30578686A66E}.Debug|Win32.ActiveCfg = Debug|Win32
		{BC14E25A-58F0-44FA-BA20-30578686A66E}.Debug|Win32.Build.0 = Debug|Win32
		{BC14E25A-58F0-44FA-BA20-30578686A66E}.Release|Win32.ActiveCfg = Release|Win32
		{BC14E25A-58F0-44FA-BA20-30578686A66E}.Release|Win32.Build.0 = Release|Win32
	EndGlobalSection
	GlobalSection(SolutionProperties) = preSolution
		HideSolutionNode = FALSE
	EndGlobalSection
EndGlobal
